// !$*UTF8*$!
{
	archiveVersion = 1;
	classes = {
	};
	objectVersion = 56;
	objects = {

/* Begin PBXBuildFile section */
		DB638FFF28FEC6FF00E4298C /* CPUMonitorApp.swift in Sources */ = {isa = PBXBuildFile; fileRef = DB638FFE28FEC6FF00E4298C /* CPUMonitorApp.swift */; };
		DB63900328FEC70000E4298C /* Assets.xcassets in Resources */ = {isa = PBXBuildFile; fileRef = DB63900228FEC70000E4298C /* Assets.xcassets */; };
		DB63900728FEC70000E4298C /* Preview Assets.xcassets in Resources */ = {isa = PBXBuildFile; fileRef = DB63900628FEC70000E4298C /* Preview Assets.xcassets */; };
		DB63901028FEF85400E4298C /* SystemHandler.swift in Sources */ = {isa = PBXBuildFile; fileRef = DB63900F28FEF85400E4298C /* SystemHandler.swift */; };
		DB63901828FEF8AF00E4298C /* About.swift in Sources */ = {isa = PBXBuildFile; fileRef = DB63901628FEF8AF00E4298C /* About.swift */; };
		DB63901928FEF8AF00E4298C /* ValidatedTextField.swift in Sources */ = {isa = PBXBuildFile; fileRef = DB63901128FEF8AF00E4298C /* ValidatedTextField.swift */; };
		DB63901A28FEF8AF00E4298C /* ConfigData.swift in Sources */ = {isa = PBXBuildFile; fileRef = DB63901328FEF8AF00E4298C /* ConfigData.swift */; };
		DB63901B28FEF8AF00E4298C /* Settings.swift in Sources */ = {isa = PBXBuildFile; fileRef = DB63901428FEF8AF00E4298C /* Settings.swift */; };
		DB63901C28FEF8AF00E4298C /* TabView.swift in Sources */ = {isa = PBXBuildFile; fileRef = DB63901728FEF8AF00E4298C /* TabView.swift */; };
		DB63901D28FEF8AF00E4298C /* Toolbar.swift in Sources */ = {isa = PBXBuildFile; fileRef = DB63901228FEF8AF00E4298C /* Toolbar.swift */; };
		DB63901E28FEF8AF00E4298C /* ConfigHandler.swift in Sources */ = {isa = PBXBuildFile; fileRef = DB63901528FEF8AF00E4298C /* ConfigHandler.swift */; };
		DB63902128FEF99700E4298C /* Utility.swift in Sources */ = {isa = PBXBuildFile; fileRef = DB63902028FEF99700E4298C /* Utility.swift */; };
		DB63903628FF046A00E4298C /* OrderedCollections in Frameworks */ = {isa = PBXBuildFile; productRef = DB63903528FF046A00E4298C /* OrderedCollections */; };
		DB63903828FF0E3400E4298C /* MemoryUsageItem.swift in Sources */ = {isa = PBXBuildFile; fileRef = DB63903728FF0E3400E4298C /* MemoryUsageItem.swift */; };
		DB63903A28FF0E8200E4298C /* CPUUsage.swift in Sources */ = {isa = PBXBuildFile; fileRef = DB63903928FF0E8200E4298C /* CPUUsage.swift */; };
		DB63903C2900095200E4298C /* OverallMemoryUsageItem.swift in Sources */ = {isa = PBXBuildFile; fileRef = DB63903B2900095200E4298C /* OverallMemoryUsageItem.swift */; };
		DBB05FE32900729900162C01 /* SystemKit.framework in Frameworks */ = {isa = PBXBuildFile; fileRef = DBB05FE22900729900162C01 /* SystemKit.framework */; };
		DBB05FE42900729900162C01 /* SystemKit.framework in Embed Frameworks */ = {isa = PBXBuildFile; fileRef = DBB05FE22900729900162C01 /* SystemKit.framework */; settings = {ATTRIBUTES = (CodeSignOnCopy, RemoveHeadersOnCopy, ); }; };
		DBB05FE929009B8400162C01 /* MainMenu.swift in Sources */ = {isa = PBXBuildFile; fileRef = DBB05FE829009B8400162C01 /* MainMenu.swift */; };
/* End PBXBuildFile section */

/* Begin PBXCopyFilesBuildPhase section */
		DB63902E28FF008C00E4298C /* Embed Frameworks */ = {
			isa = PBXCopyFilesBuildPhase;
			buildActionMask = 2147483647;
			dstPath = "";
			dstSubfolderSpec = 10;
			files = (
				DBB05FE42900729900162C01 /* SystemKit.framework in Embed Frameworks */,
			);
			name = "Embed Frameworks";
			runOnlyForDeploymentPostprocessing = 0;
		};
/* End PBXCopyFilesBuildPhase section */

/* Begin PBXFileReference section */
		DB638FFB28FEC6FF00E4298C /* CPUMonitor.app */ = {isa = PBXFileReference; explicitFileType = wrapper.application; includeInIndex = 0; path = CPUMonitor.app; sourceTree = BUILT_PRODUCTS_DIR; };
		DB638FFE28FEC6FF00E4298C /* CPUMonitorApp.swift */ = {isa = PBXFileReference; lastKnownFileType = sourcecode.swift; path = CPUMonitorApp.swift; sourceTree = "<group>"; };
		DB63900228FEC70000E4298C /* Assets.xcassets */ = {isa = PBXFileReference; lastKnownFileType = folder.assetcatalog; path = Assets.xcassets; sourceTree = "<group>"; };
		DB63900428FEC70000E4298C /* CPUMonitor.entitlements */ = {isa = PBXFileReference; lastKnownFileType = text.plist.entitlements; path = CPUMonitor.entitlements; sourceTree = "<group>"; };
		DB63900628FEC70000E4298C /* Preview Assets.xcassets */ = {isa = PBXFileReference; lastKnownFileType = folder.assetcatalog; path = "Preview Assets.xcassets"; sourceTree = "<group>"; };
		DB63900F28FEF85400E4298C /* SystemHandler.swift */ = {isa = PBXFileReference; lastKnownFileType = sourcecode.swift; path = SystemHandler.swift; sourceTree = "<group>"; };
		DB63901128FEF8AF00E4298C /* ValidatedTextField.swift */ = {isa = PBXFileReference; lastKnownFileType = sourcecode.swift; path = ValidatedTextField.swift; sourceTree = "<group>"; };
		DB63901228FEF8AF00E4298C /* Toolbar.swift */ = {isa = PBXFileReference; lastKnownFileType = sourcecode.swift; path = Toolbar.swift; sourceTree = "<group>"; };
		DB63901328FEF8AF00E4298C /* ConfigData.swift */ = {isa = PBXFileReference; lastKnownFileType = sourcecode.swift; path = ConfigData.swift; sourceTree = "<group>"; };
		DB63901428FEF8AF00E4298C /* Settings.swift */ = {isa = PBXFileReference; lastKnownFileType = sourcecode.swift; path = Settings.swift; sourceTree = "<group>"; };
		DB63901528FEF8AF00E4298C /* ConfigHandler.swift */ = {isa = PBXFileReference; lastKnownFileType = sourcecode.swift; path = ConfigHandler.swift; sourceTree = "<group>"; };
		DB63901628FEF8AF00E4298C /* About.swift */ = {isa = PBXFileReference; lastKnownFileType = sourcecode.swift; path = About.swift; sourceTree = "<group>"; };
		DB63901728FEF8AF00E4298C /* TabView.swift */ = {isa = PBXFileReference; lastKnownFileType = sourcecode.swift; path = TabView.swift; sourceTree = "<group>"; };
		DB63902028FEF99700E4298C /* Utility.swift */ = {isa = PBXFileReference; fileEncoding = 4; lastKnownFileType = sourcecode.swift; path = Utility.swift; sourceTree = "<group>"; };
		DB63903728FF0E3400E4298C /* MemoryUsageItem.swift */ = {isa = PBXFileReference; lastKnownFileType = sourcecode.swift; path = MemoryUsageItem.swift; sourceTree = "<group>"; };
		DB63903928FF0E8200E4298C /* CPUUsage.swift */ = {isa = PBXFileReference; lastKnownFileType = sourcecode.swift; path = CPUUsage.swift; sourceTree = "<group>"; };
		DB63903B2900095200E4298C /* OverallMemoryUsageItem.swift */ = {isa = PBXFileReference; lastKnownFileType = sourcecode.swift; path = OverallMemoryUsageItem.swift; sourceTree = "<group>"; };
		DBB05FE22900729900162C01 /* SystemKit.framework */ = {isa = PBXFileReference; lastKnownFileType = wrapper.framework; path = SystemKit.framework; sourceTree = "<group>"; };
		DBB05FE829009B8400162C01 /* MainMenu.swift */ = {isa = PBXFileReference; lastKnownFileType = sourcecode.swift; path = MainMenu.swift; sourceTree = "<group>"; };
/* End PBXFileReference section */

/* Begin PBXFrameworksBuildPhase section */
		DB638FF828FEC6FF00E4298C /* Frameworks */ = {
			isa = PBXFrameworksBuildPhase;
			buildActionMask = 2147483647;
			files = (
				DBB05FE32900729900162C01 /* SystemKit.framework in Frameworks */,
				DB63903628FF046A00E4298C /* OrderedCollections in Frameworks */,
			);
			runOnlyForDeploymentPostprocessing = 0;
		};
/* End PBXFrameworksBuildPhase section */

/* Begin PBXGroup section */
		DB638FF228FEC6FF00E4298C = {
			isa = PBXGroup;
			children = (
				DB638FFD28FEC6FF00E4298C /* CPUMonitor */,
				DB638FFC28FEC6FF00E4298C /* Products */,
				DB63902228FEFC0E00E4298C /* Frameworks */,
			);
			sourceTree = "<group>";
		};
		DB638FFC28FEC6FF00E4298C /* Products */ = {
			isa = PBXGroup;
			children = (
				DB638FFB28FEC6FF00E4298C /* CPUMonitor.app */,
			);
			name = Products;
			sourceTree = "<group>";
		};
		DB638FFD28FEC6FF00E4298C /* CPUMonitor */ = {
			isa = PBXGroup;
			children = (
				DB63901F28FEF8CE00E4298C /* Settings */,
				DB638FFE28FEC6FF00E4298C /* CPUMonitorApp.swift */,
				DBB05FE829009B8400162C01 /* MainMenu.swift */,
				DB63903D29001D0200E4298C /* System */,
				DB63902028FEF99700E4298C /* Utility.swift */,
				DB63900228FEC70000E4298C /* Assets.xcassets */,
				DB63900428FEC70000E4298C /* CPUMonitor.entitlements */,
				DB63900528FEC70000E4298C /* Preview Content */,
			);
			path = CPUMonitor;
			sourceTree = "<group>";
		};
		DB63900528FEC70000E4298C /* Preview Content */ = {
			isa = PBXGroup;
			children = (
				DB63900628FEC70000E4298C /* Preview Assets.xcassets */,
			);
			path = "Preview Content";
			sourceTree = "<group>";
		};
		DB63901F28FEF8CE00E4298C /* Settings */ = {
			isa = PBXGroup;
			children = (
				DB63901628FEF8AF00E4298C /* About.swift */,
				DB63901328FEF8AF00E4298C /* ConfigData.swift */,
				DB63901528FEF8AF00E4298C /* ConfigHandler.swift */,
				DB63901428FEF8AF00E4298C /* Settings.swift */,
				DB63901728FEF8AF00E4298C /* TabView.swift */,
				DB63901228FEF8AF00E4298C /* Toolbar.swift */,
				DB63901128FEF8AF00E4298C /* ValidatedTextField.swift */,
			);
			path = Settings;
			sourceTree = "<group>";
		};
		DB63902228FEFC0E00E4298C /* Frameworks */ = {
			isa = PBXGroup;
			children = (
				DBB05FE22900729900162C01 /* SystemKit.framework */,
			);
			name = Frameworks;
			sourceTree = "<group>";
		};
		DB63903D29001D0200E4298C /* System */ = {
			isa = PBXGroup;
			children = (
				DB63903928FF0E8200E4298C /* CPUUsage.swift */,
				DB63903728FF0E3400E4298C /* MemoryUsageItem.swift */,
				DB63903B2900095200E4298C /* OverallMemoryUsageItem.swift */,
				DB63900F28FEF85400E4298C /* SystemHandler.swift */,
			);
			path = System;
			sourceTree = "<group>";
		};
/* End PBXGroup section */

/* Begin PBXNativeTarget section */
		DB638FFA28FEC6FF00E4298C /* CPUMonitor */ = {
			isa = PBXNativeTarget;
			buildConfigurationList = DB63900A28FEC70000E4298C /* Build configuration list for PBXNativeTarget "CPUMonitor" */;
			buildPhases = (
				DB638FF728FEC6FF00E4298C /* Sources */,
				DB638FF828FEC6FF00E4298C /* Frameworks */,
				DB638FF928FEC6FF00E4298C /* Resources */,
				DB63902E28FF008C00E4298C /* Embed Frameworks */,
			);
			buildRules = (
			);
			dependencies = (
			);
			name = CPUMonitor;
			packageProductDependencies = (
				DB63903528FF046A00E4298C /* OrderedCollections */,
			);
			productName = CPUMonitor;
			productReference = DB638FFB28FEC6FF00E4298C /* CPUMonitor.app */;
			productType = "com.apple.product-type.application";
		};
/* End PBXNativeTarget section */

/* Begin PBXProject section */
		DB638FF328FEC6FF00E4298C /* Project object */ = {
			isa = PBXProject;
			attributes = {
				BuildIndependentTargetsInParallel = 1;
				LastSwiftUpdateCheck = 1400;
				LastUpgradeCheck = 1400;
				TargetAttributes = {
					DB638FFA28FEC6FF00E4298C = {
						CreatedOnToolsVersion = 14.0.1;
					};
				};
			};
			buildConfigurationList = DB638FF628FEC6FF00E4298C /* Build configuration list for PBXProject "CPUMonitor" */;
			compatibilityVersion = "Xcode 14.0";
			developmentRegion = en;
			hasScannedForEncodings = 0;
			knownRegions = (
				en,
				Base,
			);
			mainGroup = DB638FF228FEC6FF00E4298C;
			packageReferences = (
				DB63903428FF046A00E4298C /* XCRemoteSwiftPackageReference "swift-collections" */,
			);
			productRefGroup = DB638FFC28FEC6FF00E4298C /* Products */;
			projectDirPath = "";
			projectRoot = "";
			targets = (
				DB638FFA28FEC6FF00E4298C /* CPUMonitor */,
			);
		};
/* End PBXProject section */

/* Begin PBXResourcesBuildPhase section */
		DB638FF928FEC6FF00E4298C /* Resources */ = {
			isa = PBXResourcesBuildPhase;
			buildActionMask = 2147483647;
			files = (
				DB63900728FEC70000E4298C /* Preview Assets.xcassets in Resources */,
				DB63900328FEC70000E4298C /* Assets.xcassets in Resources */,
			);
			runOnlyForDeploymentPostprocessing = 0;
		};
/* End PBXResourcesBuildPhase section */

/* Begin PBXSourcesBuildPhase section */
		DB638FF728FEC6FF00E4298C /* Sources */ = {
			isa = PBXSourcesBuildPhase;
			buildActionMask = 2147483647;
			files = (
				DB63902128FEF99700E4298C /* Utility.swift in Sources */,
				DB63901E28FEF8AF00E4298C /* ConfigHandler.swift in Sources */,
				DB63903A28FF0E8200E4298C /* CPUUsage.swift in Sources */,
				DB63903C2900095200E4298C /* OverallMemoryUsageItem.swift in Sources */,
				DB63901D28FEF8AF00E4298C /* Toolbar.swift in Sources */,
				DB63901928FEF8AF00E4298C /* ValidatedTextField.swift in Sources */,
				DB63901C28FEF8AF00E4298C /* TabView.swift in Sources */,
				DB63901828FEF8AF00E4298C /* About.swift in Sources */,
				DB63901A28FEF8AF00E4298C /* ConfigData.swift in Sources */,
				DBB05FE929009B8400162C01 /* MainMenu.swift in Sources */,
				DB63901B28FEF8AF00E4298C /* Settings.swift in Sources */,
				DB63903828FF0E3400E4298C /* MemoryUsageItem.swift in Sources */,
				DB63901028FEF85400E4298C /* SystemHandler.swift in Sources */,
				DB638FFF28FEC6FF00E4298C /* CPUMonitorApp.swift in Sources */,
			);
			runOnlyForDeploymentPostprocessing = 0;
		};
/* End PBXSourcesBuildPhase section */

/* Begin XCBuildConfiguration section */
		DB63900828FEC70000E4298C /* Debug */ = {
			isa = XCBuildConfiguration;
			buildSettings = {
				ALWAYS_SEARCH_USER_PATHS = NO;
				CLANG_ANALYZER_NONNULL = YES;
				CLANG_ANALYZER_NUMBER_OBJECT_CONVERSION = YES_AGGRESSIVE;
				CLANG_CXX_LANGUAGE_STANDARD = "gnu++20";
				CLANG_ENABLE_MODULES = YES;
				CLANG_ENABLE_OBJC_ARC = YES;
				CLANG_ENABLE_OBJC_WEAK = YES;
				CLANG_WARN_BLOCK_CAPTURE_AUTORELEASING = YES;
				CLANG_WARN_BOOL_CONVERSION = YES;
				CLANG_WARN_COMMA = YES;
				CLANG_WARN_CONSTANT_CONVERSION = YES;
				CLANG_WARN_DEPRECATED_OBJC_IMPLEMENTATIONS = YES;
				CLANG_WARN_DIRECT_OBJC_ISA_USAGE = YES_ERROR;
				CLANG_WARN_DOCUMENTATION_COMMENTS = YES;
				CLANG_WARN_EMPTY_BODY = YES;
				CLANG_WARN_ENUM_CONVERSION = YES;
				CLANG_WARN_INFINITE_RECURSION = YES;
				CLANG_WARN_INT_CONVERSION = YES;
				CLANG_WARN_NON_LITERAL_NULL_CONVERSION = YES;
				CLANG_WARN_OBJC_IMPLICIT_RETAIN_SELF = YES;
				CLANG_WARN_OBJC_LITERAL_CONVERSION = YES;
				CLANG_WARN_OBJC_ROOT_CLASS = YES_ERROR;
				CLANG_WARN_QUOTED_INCLUDE_IN_FRAMEWORK_HEADER = YES;
				CLANG_WARN_RANGE_LOOP_ANALYSIS = YES;
				CLANG_WARN_STRICT_PROTOTYPES = YES;
				CLANG_WARN_SUSPICIOUS_MOVE = YES;
				CLANG_WARN_UNGUARDED_AVAILABILITY = YES_AGGRESSIVE;
				CLANG_WARN_UNREACHABLE_CODE = YES;
				CLANG_WARN__DUPLICATE_METHOD_MATCH = YES;
				COPY_PHASE_STRIP = NO;
				DEBUG_INFORMATION_FORMAT = dwarf;
				ENABLE_STRICT_OBJC_MSGSEND = YES;
				ENABLE_TESTABILITY = YES;
				GCC_C_LANGUAGE_STANDARD = gnu11;
				GCC_DYNAMIC_NO_PIC = NO;
				GCC_NO_COMMON_BLOCKS = YES;
				GCC_OPTIMIZATION_LEVEL = 0;
				GCC_PREPROCESSOR_DEFINITIONS = (
					"DEBUG=1",
					"$(inherited)",
				);
				GCC_WARN_64_TO_32_BIT_CONVERSION = YES;
				GCC_WARN_ABOUT_RETURN_TYPE = YES_ERROR;
				GCC_WARN_UNDECLARED_SELECTOR = YES;
				GCC_WARN_UNINITIALIZED_AUTOS = YES_AGGRESSIVE;
				GCC_WARN_UNUSED_FUNCTION = YES;
				GCC_WARN_UNUSED_VARIABLE = YES;
				MTL_ENABLE_DEBUG_INFO = INCLUDE_SOURCE;
				MTL_FAST_MATH = YES;
				ONLY_ACTIVE_ARCH = YES;
				SWIFT_ACTIVE_COMPILATION_CONDITIONS = DEBUG;
				SWIFT_OPTIMIZATION_LEVEL = "-Onone";
			};
			name = Debug;
		};
		DB63900928FEC70000E4298C /* Release */ = {
			isa = XCBuildConfiguration;
			buildSettings = {
				ALWAYS_SEARCH_USER_PATHS = NO;
				CLANG_ANALYZER_NONNULL = YES;
				CLANG_ANALYZER_NUMBER_OBJECT_CONVERSION = YES_AGGRESSIVE;
				CLANG_CXX_LANGUAGE_STANDARD = "gnu++20";
				CLANG_ENABLE_MODULES = YES;
				CLANG_ENABLE_OBJC_ARC = YES;
				CLANG_ENABLE_OBJC_WEAK = YES;
				CLANG_WARN_BLOCK_CAPTURE_AUTORELEASING = YES;
				CLANG_WARN_BOOL_CONVERSION = YES;
				CLANG_WARN_COMMA = YES;
				CLANG_WARN_CONSTANT_CONVERSION = YES;
				CLANG_WARN_DEPRECATED_OBJC_IMPLEMENTATIONS = YES;
				CLANG_WARN_DIRECT_OBJC_ISA_USAGE = YES_ERROR;
				CLANG_WARN_DOCUMENTATION_COMMENTS = YES;
				CLANG_WARN_EMPTY_BODY = YES;
				CLANG_WARN_ENUM_CONVERSION = YES;
				CLANG_WARN_INFINITE_RECURSION = YES;
				CLANG_WARN_INT_CONVERSION = YES;
				CLANG_WARN_NON_LITERAL_NULL_CONVERSION = YES;
				CLANG_WARN_OBJC_IMPLICIT_RETAIN_SELF = YES;
				CLANG_WARN_OBJC_LITERAL_CONVERSION = YES;
				CLANG_WARN_OBJC_ROOT_CLASS = YES_ERROR;
				CLANG_WARN_QUOTED_INCLUDE_IN_FRAMEWORK_HEADER = YES;
				CLANG_WARN_RANGE_LOOP_ANALYSIS = YES;
				CLANG_WARN_STRICT_PROTOTYPES = YES;
				CLANG_WARN_SUSPICIOUS_MOVE = YES;
				CLANG_WARN_UNGUARDED_AVAILABILITY = YES_AGGRESSIVE;
				CLANG_WARN_UNREACHABLE_CODE = YES;
				CLANG_WARN__DUPLICATE_METHOD_MATCH = YES;
				COPY_PHASE_STRIP = NO;
				DEBUG_INFORMATION_FORMAT = "dwarf-with-dsym";
				ENABLE_NS_ASSERTIONS = NO;
				ENABLE_STRICT_OBJC_MSGSEND = YES;
				GCC_C_LANGUAGE_STANDARD = gnu11;
				GCC_NO_COMMON_BLOCKS = YES;
				GCC_WARN_64_TO_32_BIT_CONVERSION = YES;
				GCC_WARN_ABOUT_RETURN_TYPE = YES_ERROR;
				GCC_WARN_UNDECLARED_SELECTOR = YES;
				GCC_WARN_UNINITIALIZED_AUTOS = YES_AGGRESSIVE;
				GCC_WARN_UNUSED_FUNCTION = YES;
				GCC_WARN_UNUSED_VARIABLE = YES;
				MTL_ENABLE_DEBUG_INFO = NO;
				MTL_FAST_MATH = YES;
				SWIFT_COMPILATION_MODE = wholemodule;
				SWIFT_OPTIMIZATION_LEVEL = "-O";
			};
			name = Release;
		};
		DB63900B28FEC70000E4298C /* Debug */ = {
			isa = XCBuildConfiguration;
			buildSettings = {
				ASSETCATALOG_COMPILER_APPICON_NAME = AppIcon;
				ASSETCATALOG_COMPILER_GLOBAL_ACCENT_COLOR_NAME = AccentColor;
				CODE_SIGN_ENTITLEMENTS = CPUMonitor/CPUMonitor.entitlements;
				CODE_SIGN_STYLE = Automatic;
				CURRENT_PROJECT_VERSION = 1;
				DEVELOPMENT_ASSET_PATHS = "\"CPUMonitor/Preview Content\"";
				DEVELOPMENT_TEAM = VLCLT2XQF5;
				ENABLE_HARDENED_RUNTIME = YES;
				ENABLE_PREVIEWS = YES;
				FRAMEWORK_SEARCH_PATHS = (
					"$(inherited)",
					"$(PROJECT_DIR)",
				);
				GENERATE_INFOPLIST_FILE = YES;
				INFOPLIST_KEY_LSUIElement = YES;
				"INFOPLIST_KEY_UIApplicationSceneManifest_Generation[sdk=iphoneos*]" = YES;
				"INFOPLIST_KEY_UIApplicationSceneManifest_Generation[sdk=iphonesimulator*]" = YES;
				"INFOPLIST_KEY_UIApplicationSupportsIndirectInputEvents[sdk=iphoneos*]" = YES;
				"INFOPLIST_KEY_UIApplicationSupportsIndirectInputEvents[sdk=iphonesimulator*]" = YES;
				"INFOPLIST_KEY_UILaunchScreen_Generation[sdk=iphoneos*]" = YES;
				"INFOPLIST_KEY_UILaunchScreen_Generation[sdk=iphonesimulator*]" = YES;
				"INFOPLIST_KEY_UIStatusBarStyle[sdk=iphoneos*]" = UIStatusBarStyleDefault;
				"INFOPLIST_KEY_UIStatusBarStyle[sdk=iphonesimulator*]" = UIStatusBarStyleDefault;
				INFOPLIST_KEY_UISupportedInterfaceOrientations_iPad = "UIInterfaceOrientationPortrait UIInterfaceOrientationPortraitUpsideDown UIInterfaceOrientationLandscapeLeft UIInterfaceOrientationLandscapeRight";
				INFOPLIST_KEY_UISupportedInterfaceOrientations_iPhone = "UIInterfaceOrientationPortrait UIInterfaceOrientationLandscapeLeft UIInterfaceOrientationLandscapeRight";
				IPHONEOS_DEPLOYMENT_TARGET = 16.0;
				LD_RUNPATH_SEARCH_PATHS = "@executable_path/Frameworks";
				"LD_RUNPATH_SEARCH_PATHS[sdk=macosx*]" = "@executable_path/../Frameworks";
				MACOSX_DEPLOYMENT_TARGET = 12.3;
				MARKETING_VERSION = 1.0;
				PRODUCT_BUNDLE_IDENTIFIER = com.Lennard.CPUMonitor;
				PRODUCT_NAME = "$(TARGET_NAME)";
				SDKROOT = auto;
				SUPPORTED_PLATFORMS = "iphoneos iphonesimulator macosx";
				SWIFT_EMIT_LOC_STRINGS = YES;
				SWIFT_VERSION = 5.0;
				TARGETED_DEVICE_FAMILY = "1,2";
			};
			name = Debug;
		};
		DB63900C28FEC70000E4298C /* Release */ = {
			isa = XCBuildConfiguration;
			buildSettings = {
				ASSETCATALOG_COMPILER_APPICON_NAME = AppIcon;
				ASSETCATALOG_COMPILER_GLOBAL_ACCENT_COLOR_NAME = AccentColor;
				CODE_SIGN_ENTITLEMENTS = CPUMonitor/CPUMonitor.entitlements;
				CODE_SIGN_STYLE = Automatic;
				CURRENT_PROJECT_VERSION = 1;
				DEVELOPMENT_ASSET_PATHS = "\"CPUMonitor/Preview Content\"";
				DEVELOPMENT_TEAM = VLCLT2XQF5;
				ENABLE_HARDENED_RUNTIME = YES;
				ENABLE_PREVIEWS = YES;
				FRAMEWORK_SEARCH_PATHS = (
					"$(inherited)",
					"$(PROJECT_DIR)",
				);
				GENERATE_INFOPLIST_FILE = YES;
				INFOPLIST_KEY_LSUIElement = YES;
				"INFOPLIST_KEY_UIApplicationSceneManifest_Generation[sdk=iphoneos*]" = YES;
				"INFOPLIST_KEY_UIApplicationSceneManifest_Generation[sdk=iphonesimulator*]" = YES;
				"INFOPLIST_KEY_UIApplicationSupportsIndirectInputEvents[sdk=iphoneos*]" = YES;
				"INFOPLIST_KEY_UIApplicationSupportsIndirectInputEvents[sdk=iphonesimulator*]" = YES;
				"INFOPLIST_KEY_UILaunchScreen_Generation[sdk=iphoneos*]" = YES;
				"INFOPLIST_KEY_UILaunchScreen_Generation[sdk=iphonesimulator*]" = YES;
				"INFOPLIST_KEY_UIStatusBarStyle[sdk=iphoneos*]" = UIStatusBarStyleDefault;
				"INFOPLIST_KEY_UIStatusBarStyle[sdk=iphonesimulator*]" = UIStatusBarStyleDefault;
				INFOPLIST_KEY_UISupportedInterfaceOrientations_iPad = "UIInterfaceOrientationPortrait UIInterfaceOrientationPortraitUpsideDown UIInterfaceOrientationLandscapeLeft UIInterfaceOrientationLandscapeRight";
				INFOPLIST_KEY_UISupportedInterfaceOrientations_iPhone = "UIInterfaceOrientationPortrait UIInterfaceOrientationLandscapeLeft UIInterfaceOrientationLandscapeRight";
				IPHONEOS_DEPLOYMENT_TARGET = 16.0;
				LD_RUNPATH_SEARCH_PATHS = "@executable_path/Frameworks";
				"LD_RUNPATH_SEARCH_PATHS[sdk=macosx*]" = "@executable_path/../Frameworks";
				MACOSX_DEPLOYMENT_TARGET = 12.3;
				MARKETING_VERSION = 1.0;
				PRODUCT_BUNDLE_IDENTIFIER = com.Lennard.CPUMonitor;
				PRODUCT_NAME = "$(TARGET_NAME)";
				SDKROOT = auto;
				SUPPORTED_PLATFORMS = "iphoneos iphonesimulator macosx";
				SWIFT_EMIT_LOC_STRINGS = YES;
				SWIFT_VERSION = 5.0;
				TARGETED_DEVICE_FAMILY = "1,2";
			};
			name = Release;
		};
/* End XCBuildConfiguration section */

/* Begin XCConfigurationList section */
		DB638FF628FEC6FF00E4298C /* Build configuration list for PBXProject "CPUMonitor" */ = {
			isa = XCConfigurationList;
			buildConfigurations = (
				DB63900828FEC70000E4298C /* Debug */,
				DB63900928FEC70000E4298C /* Release */,
			);
			defaultConfigurationIsVisible = 0;
			defaultConfigurationName = Release;
		};
		DB63900A28FEC70000E4298C /* Build configuration list for PBXNativeTarget "CPUMonitor" */ = {
			isa = XCConfigurationList;
			buildConfigurations = (
				DB63900B28FEC70000E4298C /* Debug */,
				DB63900C28FEC70000E4298C /* Release */,
			);
			defaultConfigurationIsVisible = 0;
			defaultConfigurationName = Release;
		};
/* End XCConfigurationList section */

/* Begin XCRemoteSwiftPackageReference section */
		DB63903428FF046A00E4298C /* XCRemoteSwiftPackageReference "swift-collections" */ = {
			isa = XCRemoteSwiftPackageReference;
			repositoryURL = "https://github.com/apple/swift-collections.git";
			requirement = {
				kind = upToNextMajorVersion;
				minimumVersion = 1.0.0;
			};
		};
/* End XCRemoteSwiftPackageReference section */

/* Begin XCSwiftPackageProductDependency section */
		DB63903528FF046A00E4298C /* OrderedCollections */ = {
			isa = XCSwiftPackageProductDependency;
			package = DB63903428FF046A00E4298C /* XCRemoteSwiftPackageReference "swift-collections" */;
			productName = OrderedCollections;
		};
/* End XCSwiftPackageProductDependency section */
	};
	rootObject = DB638FF328FEC6FF00E4298C /* Project object */;
}
